
Microsoft Visual Studio Solution File, Format Version 11.00
# Visual Studio 2010
Project("{FAE04EC0-301F-11D3-BF4B-00C04F79EFBC}") = "XFly", "XFly\XFly.csproj", "{4066017B-0E56-41A3-B131-32EA95C5D541}"
EndProject
Project("{2150E333-8FDC-42A3-9474-1A3956D46DE8}") = "Plugins", "Plugins", "{60186C31-262A-416D-8A80-B6C284186F7D}"
EndProject
Project("{FAE04EC0-301F-11D3-BF4B-00C04F79EFBC}") = "ServerManager", "Plugins\ServerManager\ServerManager.csproj", "{A0BD4918-FE40-45D8-B06A-B82E8ECEE374}"
EndProject
Project("{FAE04EC0-301F-11D3-BF4B-00C04F79EFBC}") = "HelloWorld", "Plugins\HelloWorld\HelloWorld.csproj", "{F7E1E423-8C37-46CD-9EAD-ACB9CCF04D15}"
EndProject
Global
	GlobalSection(SolutionConfigurationPlatforms) = preSolution
		Debug|Any CPU = Debug|Any CPU
		Debug|Mixed Platforms = Debug|Mixed Platforms
		Debug|x86 = Debug|x86
		Publish|Any CPU = Publish|Any CPU
		Publish|Mixed Platforms = Publish|Mixed Platforms
		Publish|x86 = Publish|x86
		Release|Any CPU = Release|Any CPU
		Release|Mixed Platforms = Release|Mixed Platforms
		Release|x86 = Release|x86
	EndGlobalSection
	GlobalSection(ProjectConfigurationPlatforms) = postSolution
		{4066017B-0E56-41A3-B131-32EA95C5D541}.Debug|Any CPU.ActiveCfg = Debug|x86
		{4066017B-0E56-41A3-B131-32EA95C5D541}.Debug|Mixed Platforms.ActiveCfg = Debug|x86
		{4066017B-0E56-41A3-B131-32EA95C5D541}.Debug|Mixed Platforms.Build.0 = Debug|x86
		{4066017B-0E56-41A3-B131-32EA95C5D541}.Debug|x86.ActiveCfg = Debug|x86
		{4066017B-0E56-41A3-B131-32EA95C5D541}.Debug|x86.Build.0 = Debug|x86
		{4066017B-0E56-41A3-B131-32EA95C5D541}.Publish|Any CPU.ActiveCfg = Release|x86
		{4066017B-0E56-41A3-B131-32EA95C5D541}.Publish|Mixed Platforms.ActiveCfg = Release|x86
		{4066017B-0E56-41A3-B131-32EA95C5D541}.Publish|Mixed Platforms.Build.0 = Release|x86
		{4066017B-0E56-41A3-B131-32EA95C5D541}.Publish|x86.ActiveCfg = Release|x86
		{4066017B-0E56-41A3-B131-32EA95C5D541}.Publish|x86.Build.0 = Release|x86
		{4066017B-0E56-41A3-B131-32EA95C5D541}.Release|Any CPU.ActiveCfg = Release|x86
		{4066017B-0E56-41A3-B131-32EA95C5D541}.Release|Mixed Platforms.ActiveCfg = Release|x86
		{4066017B-0E56-41A3-B131-32EA95C5D541}.Release|Mixed Platforms.Build.0 = Release|x86
		{4066017B-0E56-41A3-B131-32EA95C5D541}.Release|x86.ActiveCfg = Release|x86
		{4066017B-0E56-41A3-B131-32EA95C5D541}.Release|x86.Build.0 = Release|x86
		{A0BD4918-FE40-45D8-B06A-B82E8ECEE374}.Debug|Any CPU.ActiveCfg = Debug|Any CPU
		{A0BD4918-FE40-45D8-B06A-B82E8ECEE374}.Debug|Any CPU.Build.0 = Debug|Any CPU
		{A0BD4918-FE40-45D8-B06A-B82E8ECEE374}.Debug|Mixed Platforms.ActiveCfg = Debug|Any CPU
		{A0BD4918-FE40-45D8-B06A-B82E8ECEE374}.Debug|Mixed Platforms.Build.0 = Debug|Any CPU
		{A0BD4918-FE40-45D8-B06A-B82E8ECEE374}.Debug|x86.ActiveCfg = Debug|Any CPU
		{A0BD4918-FE40-45D8-B06A-B82E8ECEE374}.Publish|Any CPU.ActiveCfg = Release|Any CPU
		{A0BD4918-FE40-45D8-B06A-B82E8ECEE374}.Publish|Any CPU.Build.0 = Release|Any CPU
		{A0BD4918-FE40-45D8-B06A-B82E8ECEE374}.Publish|Mixed Platforms.ActiveCfg = Release|Any CPU
		{A0BD4918-FE40-45D8-B06A-B82E8ECEE374}.Publish|Mixed Platforms.Build.0 = Release|Any CPU
		{A0BD4918-FE40-45D8-B06A-B82E8ECEE374}.Publish|x86.ActiveCfg = Release|Any CPU
		{A0BD4918-FE40-45D8-B06A-B82E8ECEE374}.Release|Any CPU.ActiveCfg = Release|Any CPU
		{A0BD4918-FE40-45D8-B06A-B82E8ECEE374}.Release|Any CPU.Build.0 = Release|Any CPU
		{A0BD4918-FE40-45D8-B06A-B82E8ECEE374}.Release|Mixed Platforms.ActiveCfg = Release|Any CPU
		{A0BD4918-FE40-45D8-B06A-B82E8ECEE374}.Release|Mixed Platforms.Build.0 = Release|Any CPU
		{A0BD4918-FE40-45D8-B06A-B82E8ECEE374}.Release|x86.ActiveCfg = Release|Any CPU
		{F7E1E423-8C37-46CD-9EAD-ACB9CCF04D15}.Debug|Any CPU.ActiveCfg = Debug|Any CPU
		{F7E1E423-8C37-46CD-9EAD-ACB9CCF04D15}.Debug|Any CPU.Build.0 = Debug|Any CPU
		{F7E1E423-8C37-46CD-9EAD-ACB9CCF04D15}.Debug|Mixed Platforms.ActiveCfg = Debug|Any CPU
		{F7E1E423-8C37-46CD-9EAD-ACB9CCF04D15}.Debug|Mixed Platforms.Build.0 = Debug|Any CPU
		{F7E1E423-8C37-46CD-9EAD-ACB9CCF04D15}.Debug|x86.ActiveCfg = Debug|Any CPU
		{F7E1E423-8C37-46CD-9EAD-ACB9CCF04D15}.Publish|Any CPU.ActiveCfg = Publish|Any CPU
		{F7E1E423-8C37-46CD-9EAD-ACB9CCF04D15}.Publish|Any CPU.Build.0 = Publish|Any CPU
		{F7E1E423-8C37-46CD-9EAD-ACB9CCF04D15}.Publish|Mixed Platforms.ActiveCfg = Publish|Any CPU
		{F7E1E423-8C37-46CD-9EAD-ACB9CCF04D15}.Publish|Mixed Platforms.Build.0 = Publish|Any CPU
		{F7E1E423-8C37-46CD-9EAD-ACB9CCF04D15}.Publish|x86.ActiveCfg = Publish|Any CPU
		{F7E1E423-8C37-46CD-9EAD-ACB9CCF04D15}.Release|Any CPU.ActiveCfg = Release|Any CPU
		{F7E1E423-8C37-46CD-9EAD-ACB9CCF04D15}.Release|Any CPU.Build.0 = Release|Any CPU
		{F7E1E423-8C37-46CD-9EAD-ACB9CCF04D15}.Release|Mixed Platforms.ActiveCfg = Release|Any CPU
		{F7E1E423-8C37-46CD-9EAD-ACB9CCF04D15}.Release|Mixed Platforms.Build.0 = Release|Any CPU
		{F7E1E423-8C37-46CD-9EAD-ACB9CCF04D15}.Release|x86.ActiveCfg = Release|Any CPU
	EndGlobalSection
	GlobalSection(SolutionProperties) = preSolution
		HideSolutionNode = FALSE
	EndGlobalSection
	GlobalSection(NestedProjects) = preSolution
		{A0BD4918-FE40-45D8-B06A-B82E8ECEE374} = {60186C31-262A-416D-8A80-B6C284186F7D}
		{F7E1E423-8C37-46CD-9EAD-ACB9CCF04D15} = {60186C31-262A-416D-8A80-B6C284186F7D}
	EndGlobalSection
EndGlobal
